
Microsoft Visual Studio Solution File, Format Version 12.00
# Visual Studio Version 17
VisualStudioVersion = 17.7.34031.279
MinimumVisualStudioVersion = 10.0.40219.1
Project("{FAE04EC0-301F-11D3-BF4B-00C04F79EFBC}") = "AzureSqlWebApp", "AzureSqlWebApp.csproj", "{43863CA7-423F-451C-9D6B-00814E4E7295}"
EndProject
Global
	GlobalSection(SolutionConfigurationPlatforms) = preSolution
		Debug|Any CPU = Debug|Any CPU
		Release|Any CPU = Release|Any CPU
	EndGlobalSection
	GlobalSection(ProjectConfigurationPlatforms) = postSolution
		{43863CA7-423F-451C-9D6B-00814E4E7295}.Debug|Any CPU.ActiveCfg = Debug|Any CPU
		{43863CA7-423F-451C-9D6B-00814E4E7295}.Debug|Any CPU.Build.0 = Debug|Any CPU
		{43863CA7-423F-451C-9D6B-00814E4E7295}.Release|Any CPU.ActiveCfg = Release|Any CPU
		{43863CA7-423F-451C-9D6B-00814E4E7295}.Release|Any CPU.Build.0 = Release|Any CPU
	EndGlobalSection
	GlobalSection(SolutionProperties) = preSolution
		HideSolutionNode = FALSE
	EndGlobalSection
	GlobalSection(ExtensibilityGlobals) = postSolution
		SolutionGuid = {6146E8C5-AC97-4EC8-A403-DE05706EA2C4}
	EndGlobalSection
EndGlobal
